<?xml version="1.0" encoding="utf-8"?>
<Project ToolsVersion="4.0" xmlns="http://schemas.microsoft.com/developer/msbuild/2003">
  <ItemGroup>
    <Filter Include="Source Files">
      <UniqueIdentifier>{5c2b6dec-b7de-48c3-8c01-cc1b6fa9d12d}</UniqueIdentifier>
      <Extensions>cpp;c;cc;cxx;c++;cppm;ixx;def;odl;idl;hpj;bat;asm;asmx</Extensions>
    </Filter>
    <Filter Include="Header Files">
      <UniqueIdentifier>{74014718-d9ab-4a34-9a44-958cf59b79b7}</UniqueIdentifier>
      <Extensions>h;hh;hpp;hxx;h++;hm;inl;inc;ipp;xsd</Extensions>
    </Filter>
    <Filter Include="Resource Files">
      <UniqueIdentifier>{0cf37383-4831-4794-badb-5b7873a97074}</UniqueIdentifier>
      <Extensions>rc;ico;cur;bmp;dlg;rc2;rct;bin;rgs;gif;jpg;jpeg;jpe;resx;tiff;tif;png;wav;mfcribbon-ms</Extensions>
    </Filter>
  </ItemGroup>
  <ItemGroup>
    <ClCompile Include="src\aes_modes.c">
      <Filter>Source Files</Filter>
    </ClCompile>
    <ClCompile Include="src\aescrypt.c">
      <Filter>Source Files</Filter>
    </ClCompile>
    <ClCompile Include="src\aeskey.c">
      <Filter>Source Files</Filter>
    </ClCompile>
    <ClCompile Include="src\aestab.c">
      <Filter>Source Files</Filter>
    </ClCompile>
    <ClCompile Include="src\apiemulator.c">
      <Filter>Source Files</Filter>
    </ClCompile>
    <ClCompile Include="src\bookmark.c">
      <Filter>Source Files</Filter>
    </ClCompile>
    <ClCompile Include="src\cache.c">
      <Filter>Source Files</Filter>
    </ClCompile>
    <ClCompile Include="src\clipboard.c">
      <Filter>Source Files</Filter>
    </ClCompile>
    <ClCompile Include="src\codecnv.c">
      <Filter>Source Files</Filter>
    </ClCompile>
    <ClCompile Include="src\connect.c">
      <Filter>Source Files</Filter>
    </ClCompile>
    <ClCompile Include="src\diskfree.c">
      <Filter>Source Files</Filter>
    </ClCompile>
    <ClCompile Include="src\dlgsize.c">
      <Filter>Source Files</Filter>
    </ClCompile>
    <ClCompile Include="src\filelist.c">
      <Filter>Source Files</Filter>
    </ClCompile>
    <ClCompile Include="src\ftpproc.c">
      <Filter>Source Files</Filter>
    </ClCompile>
    <ClCompile Include="src\getput.c">
      <Filter>Source Files</Filter>
    </ClCompile>
    <ClCompile Include="src\history.c">
      <Filter>Source Files</Filter>
    </ClCompile>
    <ClCompile Include="src\hostman.c">
      <Filter>Source Files</Filter>
    </ClCompile>
    <ClCompile Include="src\local.c">
      <Filter>Source Files</Filter>
    </ClCompile>
    <ClCompile Include="src\lvtips.c">
      <Filter>Source Files</Filter>
    </ClCompile>
    <ClCompile Include="src\main.c">
      <Filter>Source Files</Filter>
    </ClCompile>
    <ClCompile Include="src\mbswrapper.c">
      <Filter>Source Files</Filter>
    </ClCompile>
    <ClCompile Include="src\md4.c">
      <Filter>Source Files</Filter>
    </ClCompile>
    <ClCompile Include="src\md5.c">
      <Filter>Source Files</Filter>
    </ClCompile>
    <ClCompile Include="src\misc.c">
      <Filter>Source Files</Filter>
    </ClCompile>
    <ClCompile Include="src\OleDragDrop.c">
      <Filter>Source Files</Filter>
    </ClCompile>
    <ClCompile Include="src\option.c">
      <Filter>Source Files</Filter>
    </ClCompile>
    <ClCompile Include="src\protectprocess.c">
      <Filter>Source Files</Filter>
    </ClCompile>
    <ClCompile Include="src\punycode.c">
      <Filter>Source Files</Filter>
    </ClCompile>
    <ClCompile Include="src\ras.c">
      <Filter>Source Files</Filter>
    </ClCompile>
    <ClCompile Include="src\regexp.c">
      <Filter>Source Files</Filter>
    </ClCompile>
    <ClCompile Include="src\registry.c">
      <Filter>Source Files</Filter>
    </ClCompile>
    <ClCompile Include="src\remote.c">
      <Filter>Source Files</Filter>
    </ClCompile>
    <ClCompile Include="src\sha.c">
      <Filter>Source Files</Filter>
    </ClCompile>
    <ClCompile Include="src\skey.c">
      <Filter>Source Files</Filter>
    </ClCompile>
    <ClCompile Include="src\socket.c">
      <Filter>Source Files</Filter>
    </ClCompile>
    <ClCompile Include="src\socketwrapper.c">
      <Filter>Source Files</Filter>
    </ClCompile>
    <ClCompile Include="src\statuswin.c">
      <Filter>Source Files</Filter>
    </ClCompile>
    <ClCompile Include="src\taskwin.c">
      <Filter>Source Files</Filter>
    </ClCompile>
    <ClCompile Include="src\tool.c">
      <Filter>Source Files</Filter>
    </ClCompile>
    <ClCompile Include="src\toolmenu.c">
      <Filter>Source Files</Filter>
    </ClCompile>
    <ClCompile Include="src\updatebell.c">
      <Filter>Source Files</Filter>
    </ClCompile>
    <ClCompile Include="src\updater.c">
      <Filter>Source Files</Filter>
    </ClCompile>
    <ClCompile Include="src\wildcard.c">
      <Filter>Source Files</Filter>
    </ClCompile>
  </ItemGroup>
  <ItemGroup>
    <ClInclude Include="src\apiemulator.h">
      <Filter>Header Files</Filter>
    </ClInclude>
    <ClInclude Include="src\common.h">
      <Filter>Header Files</Filter>
    </ClInclude>
    <ClInclude Include="src\mbswrapper.h">
      <Filter>Header Files</Filter>
    </ClInclude>
    <ClInclude Include="src\protectprocess.h">
      <Filter>Header Files</Filter>
    </ClInclude>
    <ClInclude Include="Resource\resource.h">
      <Filter>Header Files</Filter>
    </ClInclude>
    <ClInclude Include="src\socketwrapper.h">
      <Filter>Header Files</Filter>
    </ClInclude>
    <ClInclude Include="src\updater.h">
      <Filter>Header Files</Filter>
    </ClInclude>
  </ItemGroup>
  <ItemGroup>
    <Image Include="Resource\bitmap1.bmp">
      <Filter>Resource Files</Filter>
    </Image>
    <Image Include="Resource\icon1.ico">
      <Filter>Resource Files</Filter>
    </Image>
    <Image Include="Resource\icon2.ico">
      <Filter>Resource Files</Filter>
    </Image>
    <Image Include="Resource\list_bmp.bmp">
      <Filter>Resource Files</Filter>
    </Image>
    <Image Include="Resource\main_too.bmp">
      <Filter>Resource Files</Filter>
    </Image>
    <Image Include="Resource\toolbar1.bmp">
      <Filter>Resource Files</Filter>
    </Image>
  </ItemGroup>
  <ItemGroup>
    <None Include="Resource\cursor1.cur">
      <Filter>Resource Files</Filter>
    </None>
    <None Include="Resource\cursor2.cur">
      <Filter>Resource Files</Filter>
    </None>
    <None Include="Resource\drag_csr.cur">
      <Filter>Resource Files</Filter>
    </None>
    <None Include="Resource\nodrop_c.cur">
      <Filter>Resource Files</Filter>
    </None>
  </ItemGroup>
  <ItemGroup>
    <ResourceCompile Include="Resource\ffftp.rc">
      <Filter>Resource Files</Filter>
    </ResourceCompile>
  </ItemGroup>
  <ItemGroup>
    <CustomBuild Include="Resource\ffftp.exe.manifest">
      <Filter>Resource Files</Filter>
    </CustomBuild>
  </ItemGroup>
</Project>